PODS:
  - ReactiveCocoa (2.4.7):
    - ReactiveCocoa/UI (= 2.4.7)
  - ReactiveCocoa/Core (2.4.7):
    - ReactiveCocoa/no-arc
  - ReactiveCocoa/no-arc (2.4.7)
  - ReactiveCocoa/UI (2.4.7):
    - ReactiveCocoa/Core
  - UMengAnalytics (4.2.4)
  - UMengUShare/Core (6.4.3):
    - UMengUShare/Network
  - UMengUShare/Network (6.4.3)
  - UMengUShare/Social/QQ (6.4.3):
    - UMengUShare/Core
    - UMengUShare/Social/ReducedQQ
  - UMengUShare/Social/ReducedQQ (6.4.3):
    - UMengUShare/Core
  - UMengUShare/Social/ReducedSina (6.4.3):
    - UMengUShare/Core
  - UMengUShare/Social/ReducedWeChat (6.4.3):
    - UMengUShare/Core
  - UMengUShare/Social/Sina (6.4.3):
    - UMengUShare/Core
    - UMengUShare/Social/ReducedSina
  - UMengUShare/Social/WeChat (6.4.3):
    - UMengUShare/Core
    - UMengUShare/Social/ReducedWeChat

DEPENDENCIES:
  - ReactiveCocoa (~> 2.4.7)
  - UMengAnalytics
  - UMengUShare/Social/QQ
  - UMengUShare/Social/Sina
  - UMengUShare/Social/WeChat

SPEC CHECKSUMS:
  ReactiveCocoa: eb38dee0a0e698f73a9b25e5c1faea2bb4c79240
  UMengAnalytics: ef8d45f94c0e5771dc364cf6a5731d9d3b101da2
  UMengUShare: d39cb682598df87ebdd3c055d03d00eb0102d42c

PODFILE CHECKSUM: f461153fe904e78cd74a7f1af5df07c3716a1181

COCOAPODS: 1.2.1
